
Microsoft Visual Studio Solution File, Format Version 12.00
# Visual Studio Version 17
VisualStudioVersion = 17.4.33213.308
MinimumVisualStudioVersion = 10.0.40219.1
Project("{FAE04EC0-301F-11D3-BF4B-00C04F79EFBC}") = "TodoApp.Groware.Entidades", "TodoApp.Groware.Entidades\TodoApp.Groware.Entidades.csproj", "{57D7F8F4-1C67-424E-B0A3-339FA6602498}"
EndProject
Project("{FAE04EC0-301F-11D3-BF4B-00C04F79EFBC}") = "TodoApp.Groware.Datos", "TodoApp.Groware.Datos\TodoApp.Groware.Datos.csproj", "{01B4F17F-56C8-4A0A-838F-7275DC7A5758}"
EndProject
Project("{FAE04EC0-301F-11D3-BF4B-00C04F79EFBC}") = "TodoApp.Groware.DtoModel", "TodoApp.Groware.DtoModel\TodoApp.Groware.DtoModel.csproj", "{EF378724-21C1-4567-926B-0D827F8E4AF7}"
EndProject
Project("{FAE04EC0-301F-11D3-BF4B-00C04F79EFBC}") = "TodoApp.Groware.Negocio", "TodoApp.Groware.Negocio\TodoApp.Groware.Negocio.csproj", "{93A1720E-90AC-45D9-B2CE-71F315990268}"
EndProject
Project("{FAE04EC0-301F-11D3-BF4B-00C04F79EFBC}") = "TodoApp.Groware.Utils", "TodoApp.Groware.Utils\TodoApp.Groware.Utils.csproj", "{922363FB-62CA-4CFE-8D05-B5A14EDEBFC1}"
EndProject
Project("{FAE04EC0-301F-11D3-BF4B-00C04F79EFBC}") = "TodoApp.Groware.WebApi", "TodoApp.Groware.WebApi\TodoApp.Groware.WebApi.csproj", "{7F8496C5-F10E-4C38-9E4A-1796481CD059}"
EndProject
Global
	GlobalSection(SolutionConfigurationPlatforms) = preSolution
		Debug|Any CPU = Debug|Any CPU
		Release|Any CPU = Release|Any CPU
	EndGlobalSection
	GlobalSection(ProjectConfigurationPlatforms) = postSolution
		{57D7F8F4-1C67-424E-B0A3-339FA6602498}.Debug|Any CPU.ActiveCfg = Debug|Any CPU
		{57D7F8F4-1C67-424E-B0A3-339FA6602498}.Debug|Any CPU.Build.0 = Debug|Any CPU
		{57D7F8F4-1C67-424E-B0A3-339FA6602498}.Release|Any CPU.ActiveCfg = Release|Any CPU
		{57D7F8F4-1C67-424E-B0A3-339FA6602498}.Release|Any CPU.Build.0 = Release|Any CPU
		{01B4F17F-56C8-4A0A-838F-7275DC7A5758}.Debug|Any CPU.ActiveCfg = Debug|Any CPU
		{01B4F17F-56C8-4A0A-838F-7275DC7A5758}.Debug|Any CPU.Build.0 = Debug|Any CPU
		{01B4F17F-56C8-4A0A-838F-7275DC7A5758}.Release|Any CPU.ActiveCfg = Release|Any CPU
		{01B4F17F-56C8-4A0A-838F-7275DC7A5758}.Release|Any CPU.Build.0 = Release|Any CPU
		{EF378724-21C1-4567-926B-0D827F8E4AF7}.Debug|Any CPU.ActiveCfg = Debug|Any CPU
		{EF378724-21C1-4567-926B-0D827F8E4AF7}.Debug|Any CPU.Build.0 = Debug|Any CPU
		{EF378724-21C1-4567-926B-0D827F8E4AF7}.Release|Any CPU.ActiveCfg = Release|Any CPU
		{EF378724-21C1-4567-926B-0D827F8E4AF7}.Release|Any CPU.Build.0 = Release|Any CPU
		{93A1720E-90AC-45D9-B2CE-71F315990268}.Debug|Any CPU.ActiveCfg = Debug|Any CPU
		{93A1720E-90AC-45D9-B2CE-71F315990268}.Debug|Any CPU.Build.0 = Debug|Any CPU
		{93A1720E-90AC-45D9-B2CE-71F315990268}.Release|Any CPU.ActiveCfg = Release|Any CPU
		{93A1720E-90AC-45D9-B2CE-71F315990268}.Release|Any CPU.Build.0 = Release|Any CPU
		{922363FB-62CA-4CFE-8D05-B5A14EDEBFC1}.Debug|Any CPU.ActiveCfg = Debug|Any CPU
		{922363FB-62CA-4CFE-8D05-B5A14EDEBFC1}.Debug|Any CPU.Build.0 = Debug|Any CPU
		{922363FB-62CA-4CFE-8D05-B5A14EDEBFC1}.Release|Any CPU.ActiveCfg = Release|Any CPU
		{922363FB-62CA-4CFE-8D05-B5A14EDEBFC1}.Release|Any CPU.Build.0 = Release|Any CPU
		{7F8496C5-F10E-4C38-9E4A-1796481CD059}.Debug|Any CPU.ActiveCfg = Debug|Any CPU
		{7F8496C5-F10E-4C38-9E4A-1796481CD059}.Debug|Any CPU.Build.0 = Debug|Any CPU
		{7F8496C5-F10E-4C38-9E4A-1796481CD059}.Release|Any CPU.ActiveCfg = Release|Any CPU
		{7F8496C5-F10E-4C38-9E4A-1796481CD059}.Release|Any CPU.Build.0 = Release|Any CPU
	EndGlobalSection
	GlobalSection(SolutionProperties) = preSolution
		HideSolutionNode = FALSE
	EndGlobalSection
	GlobalSection(ExtensibilityGlobals) = postSolution
		SolutionGuid = {36BCCB4D-19CE-4A9F-ACB3-6491DDEA9358}
	EndGlobalSection
EndGlobal
